
Microsoft Visual Studio Solution File, Format Version 12.00
# Visual Studio Version 17
VisualStudioVersion = 17.4.33213.308
MinimumVisualStudioVersion = 10.0.40219.1
Project("{FAE04EC0-301F-11D3-BF4B-00C04F79EFBC}") = "Gabriel_Leite_Trindade_EXERCICIONP2", "Gabriel_Leite_Trindade_EXERCICIONP2\Gabriel_Leite_Trindade_EXERCICIONP2.csproj", "{9CC03696-84D9-4095-BC16-00BF2ECF6B6F}"
EndProject
Global
	GlobalSection(SolutionConfigurationPlatforms) = preSolution
		Debug|Any CPU = Debug|Any CPU
		Release|Any CPU = Release|Any CPU
	EndGlobalSection
	GlobalSection(ProjectConfigurationPlatforms) = postSolution
		{9CC03696-84D9-4095-BC16-00BF2ECF6B6F}.Debug|Any CPU.ActiveCfg = Debug|Any CPU
		{9CC03696-84D9-4095-BC16-00BF2ECF6B6F}.Debug|Any CPU.Build.0 = Debug|Any CPU
		{9CC03696-84D9-4095-BC16-00BF2ECF6B6F}.Release|Any CPU.ActiveCfg = Release|Any CPU
		{9CC03696-84D9-4095-BC16-00BF2ECF6B6F}.Release|Any CPU.Build.0 = Release|Any CPU
	EndGlobalSection
	GlobalSection(SolutionProperties) = preSolution
		HideSolutionNode = FALSE
	EndGlobalSection
	GlobalSection(ExtensibilityGlobals) = postSolution
		SolutionGuid = {3262FC27-932B-468D-A829-F51DC7B84149}
	EndGlobalSection
EndGlobal
